// !$*UTF8*$!
{
	archiveVersion = 1;
	classes = {
	};
	objectVersion = 46;
	objects = {

/* Begin PBXBuildFile section */
		B0453E291408BCD600F2ADE6 /* main.cpp in Sources */ = {isa = PBXBuildFile; fileRef = B0453E281408BCD600F2ADE6 /* main.cpp */; };
		B0453E2B1408BCD600F2ADE6 /* stack1test.1 in CopyFiles */ = {isa = PBXBuildFile; fileRef = B0453E2A1408BCD600F2ADE6 /* stack1test.1 */; };
		B0453E321408C2D300F2ADE6 /* libboost_unit_test_framework.dylib in Frameworks */ = {isa = PBXBuildFile; fileRef = B0453E311408C2D300F2ADE6 /* libboost_unit_test_framework.dylib */; };
/* End PBXBuildFile section */

/* Begin PBXCopyFilesBuildPhase section */
		B0453E231408BCD600F2ADE6 /* CopyFiles */ = {
			isa = PBXCopyFilesBuildPhase;
			buildActionMask = 8;
			dstPath = /usr/share/man/man1/;
			dstSubfolderSpec = 0;
			files = (
				B0453E2B1408BCD600F2ADE6 /* stack1test.1 in CopyFiles */,
			);
			runOnlyForDeploymentPostprocessing = 1;
		};
/* End PBXCopyFilesBuildPhase section */

/* Begin PBXFileReference section */
		B0453E251408BCD600F2ADE6 /* stack1test */ = {isa = PBXFileReference; explicitFileType = "compiled.mach-o.executable"; includeInIndex = 0; path = stack1test; sourceTree = BUILT_PRODUCTS_DIR; };
		B0453E281408BCD600F2ADE6 /* main.cpp */ = {isa = PBXFileReference; lastKnownFileType = sourcecode.cpp.cpp; path = main.cpp; sourceTree = "<group>"; };
		B0453E2A1408BCD600F2ADE6 /* stack1test.1 */ = {isa = PBXFileReference; lastKnownFileType = text.man; path = stack1test.1; sourceTree = "<group>"; };
		B0453E2F1408BD0300F2ADE6 /* stack1.hpp */ = {isa = PBXFileReference; fileEncoding = 4; lastKnownFileType = sourcecode.cpp.h; path = stack1.hpp; sourceTree = "<group>"; };
		B0453E311408C2D300F2ADE6 /* libboost_unit_test_framework.dylib */ = {isa = PBXFileReference; lastKnownFileType = "compiled.mach-o.dylib"; name = libboost_unit_test_framework.dylib; path = ../../../../../usr/local/lib/libboost_unit_test_framework.dylib; sourceTree = "<group>"; };
		B0453E331408C55500F2ADE6 /* libboost_program_options.dylib */ = {isa = PBXFileReference; lastKnownFileType = "compiled.mach-o.dylib"; name = libboost_program_options.dylib; path = usr/local/lib/libboost_program_options.dylib; sourceTree = SDKROOT; };
		B0D8EBE51408CF2F00785601 /* mystruct.hpp */ = {isa = PBXFileReference; fileEncoding = 4; path = mystruct.hpp; sourceTree = "<group>"; };
/* End PBXFileReference section */

/* Begin PBXFrameworksBuildPhase section */
		B0453E221408BCD600F2ADE6 /* Frameworks */ = {
			isa = PBXFrameworksBuildPhase;
			buildActionMask = 2147483647;
			files = (
				B0453E321408C2D300F2ADE6 /* libboost_unit_test_framework.dylib in Frameworks */,
			);
			runOnlyForDeploymentPostprocessing = 0;
		};
/* End PBXFrameworksBuildPhase section */

/* Begin PBXGroup section */
		B0453E091408BC3F00F2ADE6 = {
			isa = PBXGroup;
			children = (
				B0453E331408C55500F2ADE6 /* libboost_program_options.dylib */,
				B0453E311408C2D300F2ADE6 /* libboost_unit_test_framework.dylib */,
				B0453E271408BCD600F2ADE6 /* stack1test */,
				B0453E151408BC4000F2ADE6 /* Products */,
			);
			sourceTree = "<group>";
		};
		B0453E151408BC4000F2ADE6 /* Products */ = {
			isa = PBXGroup;
			children = (
				B0453E251408BCD600F2ADE6 /* stack1test */,
			);
			name = Products;
			sourceTree = "<group>";
		};
		B0453E271408BCD600F2ADE6 /* stack1test */ = {
			isa = PBXGroup;
			children = (
				B0453E2F1408BD0300F2ADE6 /* stack1.hpp */,
				B0453E281408BCD600F2ADE6 /* main.cpp */,
				B0453E2A1408BCD600F2ADE6 /* stack1test.1 */,
				B0D8EBE51408CF2F00785601 /* mystruct.hpp */,
			);
			path = stack1test;
			sourceTree = "<group>";
		};
/* End PBXGroup section */

/* Begin PBXNativeTarget section */
		B0453E241408BCD600F2ADE6 /* stack1test */ = {
			isa = PBXNativeTarget;
			buildConfigurationList = B0453E2C1408BCD600F2ADE6 /* Build configuration list for PBXNativeTarget "stack1test" */;
			buildPhases = (
				B0453E211408BCD600F2ADE6 /* Sources */,
				B0453E221408BCD600F2ADE6 /* Frameworks */,
				B0453E231408BCD600F2ADE6 /* CopyFiles */,
			);
			buildRules = (
			);
			dependencies = (
			);
			name = stack1test;
			productName = stack1test;
			productReference = B0453E251408BCD600F2ADE6 /* stack1test */;
			productType = "com.apple.product-type.tool";
		};
/* End PBXNativeTarget section */

/* Begin PBXProject section */
		B0453E0B1408BC3F00F2ADE6 /* Project object */ = {
			isa = PBXProject;
			buildConfigurationList = B0453E0E1408BC3F00F2ADE6 /* Build configuration list for PBXProject "TmplBook" */;
			compatibilityVersion = "Xcode 3.2";
			developmentRegion = English;
			hasScannedForEncodings = 0;
			knownRegions = (
				en,
			);
			mainGroup = B0453E091408BC3F00F2ADE6;
			productRefGroup = B0453E151408BC4000F2ADE6 /* Products */;
			projectDirPath = "";
			projectRoot = "";
			targets = (
				B0453E241408BCD600F2ADE6 /* stack1test */,
			);
		};
/* End PBXProject section */

/* Begin PBXSourcesBuildPhase section */
		B0453E211408BCD600F2ADE6 /* Sources */ = {
			isa = PBXSourcesBuildPhase;
			buildActionMask = 2147483647;
			files = (
				B0453E291408BCD600F2ADE6 /* main.cpp in Sources */,
			);
			runOnlyForDeploymentPostprocessing = 0;
		};
/* End PBXSourcesBuildPhase section */

/* Begin XCBuildConfiguration section */
		B0453E1C1408BC4000F2ADE6 /* Debug */ = {
			isa = XCBuildConfiguration;
			buildSettings = {
				ALWAYS_SEARCH_USER_PATHS = NO;
				ARCHS = "$(ARCHS_STANDARD_64_BIT)";
				COPY_PHASE_STRIP = NO;
				GCC_C_LANGUAGE_STANDARD = gnu99;
				GCC_DYNAMIC_NO_PIC = NO;
				GCC_ENABLE_OBJC_EXCEPTIONS = YES;
				GCC_OPTIMIZATION_LEVEL = 0;
				GCC_PREPROCESSOR_DEFINITIONS = (
					"DEBUG=1",
					"$(inherited)",
				);
				GCC_SYMBOLS_PRIVATE_EXTERN = NO;
				GCC_VERSION = com.apple.compilers.llvm.clang.1_0;
				GCC_WARN_64_TO_32_BIT_CONVERSION = YES;
				GCC_WARN_ABOUT_MISSING_PROTOTYPES = YES;
				GCC_WARN_ABOUT_RETURN_TYPE = YES;
				GCC_WARN_UNUSED_VARIABLE = YES;
				HEADER_SEARCH_PATHS = /usr/local/include;
				LIBRARY_SEARCH_PATHS = /usr/local/lib;
				MACOSX_DEPLOYMENT_TARGET = 10.7;
				ONLY_ACTIVE_ARCH = YES;
				OTHER_CPLUSPLUSFLAGS = "$(OTHER_CFLAGS)";
				SDKROOT = macosx;
			};
			name = Debug;
		};
		B0453E1D1408BC4000F2ADE6 /* Release */ = {
			isa = XCBuildConfiguration;
			buildSettings = {
				ALWAYS_SEARCH_USER_PATHS = NO;
				ARCHS = "$(ARCHS_STANDARD_64_BIT)";
				COPY_PHASE_STRIP = YES;
				DEBUG_INFORMATION_FORMAT = "dwarf-with-dsym";
				GCC_C_LANGUAGE_STANDARD = gnu99;
				GCC_ENABLE_OBJC_EXCEPTIONS = YES;
				GCC_VERSION = com.apple.compilers.llvm.clang.1_0;
				GCC_WARN_64_TO_32_BIT_CONVERSION = YES;
				GCC_WARN_ABOUT_MISSING_PROTOTYPES = YES;
				GCC_WARN_ABOUT_RETURN_TYPE = YES;
				GCC_WARN_UNUSED_VARIABLE = YES;
				HEADER_SEARCH_PATHS = /usr/local/include;
				LIBRARY_SEARCH_PATHS = /usr/local/lib;
				MACOSX_DEPLOYMENT_TARGET = 10.7;
				OTHER_CPLUSPLUSFLAGS = "$(OTHER_CFLAGS)";
				SDKROOT = macosx;
			};
			name = Release;
		};
		B0453E2D1408BCD600F2ADE6 /* Debug */ = {
			isa = XCBuildConfiguration;
			buildSettings = {
				INSTALL_PATH = "~/Desktop/TmplBook/bin";
				PRODUCT_NAME = "$(TARGET_NAME)";
			};
			name = Debug;
		};
		B0453E2E1408BCD600F2ADE6 /* Release */ = {
			isa = XCBuildConfiguration;
			buildSettings = {
				INSTALL_PATH = "~/Desktop/TmplBook/bin";
				PRODUCT_NAME = "$(TARGET_NAME)";
			};
			name = Release;
		};
/* End XCBuildConfiguration section */

/* Begin XCConfigurationList section */
		B0453E0E1408BC3F00F2ADE6 /* Build configuration list for PBXProject "TmplBook" */ = {
			isa = XCConfigurationList;
			buildConfigurations = (
				B0453E1C1408BC4000F2ADE6 /* Debug */,
				B0453E1D1408BC4000F2ADE6 /* Release */,
			);
			defaultConfigurationIsVisible = 0;
			defaultConfigurationName = Release;
		};
		B0453E2C1408BCD600F2ADE6 /* Build configuration list for PBXNativeTarget "stack1test" */ = {
			isa = XCConfigurationList;
			buildConfigurations = (
				B0453E2D1408BCD600F2ADE6 /* Debug */,
				B0453E2E1408BCD600F2ADE6 /* Release */,
			);
			defaultConfigurationIsVisible = 0;
			defaultConfigurationName = Release;
		};
/* End XCConfigurationList section */
	};
	rootObject = B0453E0B1408BC3F00F2ADE6 /* Project object */;
}
