// !$*UTF8*$!
{
	archiveVersion = 1;
	classes = {
	};
	objectVersion = 46;
	objects = {

/* Begin PBXBuildFile section */
		B0453E191408BC4000F2ADE6 /* main.cpp in Sources */ = {isa = PBXBuildFile; fileRef = B0453E181408BC4000F2ADE6 /* main.cpp */; };
		B0453E1B1408BC4000F2ADE6 /* TmplBook.1 in CopyFiles */ = {isa = PBXBuildFile; fileRef = B0453E1A1408BC4000F2ADE6 /* TmplBook.1 */; };
/* End PBXBuildFile section */

/* Begin PBXCopyFilesBuildPhase section */
		B0453E121408BC4000F2ADE6 /* CopyFiles */ = {
			isa = PBXCopyFilesBuildPhase;
			buildActionMask = 2147483647;
			dstPath = /usr/share/man/man1/;
			dstSubfolderSpec = 0;
			files = (
				B0453E1B1408BC4000F2ADE6 /* TmplBook.1 in CopyFiles */,
			);
			runOnlyForDeploymentPostprocessing = 1;
		};
/* End PBXCopyFilesBuildPhase section */

/* Begin PBXFileReference section */
		B0453E141408BC4000F2ADE6 /* TmplBook */ = {isa = PBXFileReference; explicitFileType = "compiled.mach-o.executable"; includeInIndex = 0; path = TmplBook; sourceTree = BUILT_PRODUCTS_DIR; };
		B0453E181408BC4000F2ADE6 /* main.cpp */ = {isa = PBXFileReference; lastKnownFileType = sourcecode.cpp.cpp; path = main.cpp; sourceTree = "<group>"; };
		B0453E1A1408BC4000F2ADE6 /* TmplBook.1 */ = {isa = PBXFileReference; lastKnownFileType = text.man; path = TmplBook.1; sourceTree = "<group>"; };
/* End PBXFileReference section */

/* Begin PBXFrameworksBuildPhase section */
		B0453E111408BC4000F2ADE6 /* Frameworks */ = {
			isa = PBXFrameworksBuildPhase;
			buildActionMask = 2147483647;
			files = (
			);
			runOnlyForDeploymentPostprocessing = 0;
		};
/* End PBXFrameworksBuildPhase section */

/* Begin PBXGroup section */
		B0453E091408BC3F00F2ADE6 = {
			isa = PBXGroup;
			children = (
				B0453E171408BC4000F2ADE6 /* TmplBook */,
				B0453E151408BC4000F2ADE6 /* Products */,
			);
			sourceTree = "<group>";
		};
		B0453E151408BC4000F2ADE6 /* Products */ = {
			isa = PBXGroup;
			children = (
				B0453E141408BC4000F2ADE6 /* TmplBook */,
			);
			name = Products;
			sourceTree = "<group>";
		};
		B0453E171408BC4000F2ADE6 /* TmplBook */ = {
			isa = PBXGroup;
			children = (
				B0453E181408BC4000F2ADE6 /* main.cpp */,
				B0453E1A1408BC4000F2ADE6 /* TmplBook.1 */,
			);
			path = TmplBook;
			sourceTree = "<group>";
		};
/* End PBXGroup section */

/* Begin PBXNativeTarget section */
		B0453E131408BC4000F2ADE6 /* TmplBook */ = {
			isa = PBXNativeTarget;
			buildConfigurationList = B0453E1E1408BC4000F2ADE6 /* Build configuration list for PBXNativeTarget "TmplBook" */;
			buildPhases = (
				B0453E101408BC4000F2ADE6 /* Sources */,
				B0453E111408BC4000F2ADE6 /* Frameworks */,
				B0453E121408BC4000F2ADE6 /* CopyFiles */,
			);
			buildRules = (
			);
			dependencies = (
			);
			name = TmplBook;
			productName = TmplBook;
			productReference = B0453E141408BC4000F2ADE6 /* TmplBook */;
			productType = "com.apple.product-type.tool";
		};
/* End PBXNativeTarget section */

/* Begin PBXProject section */
		B0453E0B1408BC3F00F2ADE6 /* Project object */ = {
			isa = PBXProject;
			buildConfigurationList = B0453E0E1408BC3F00F2ADE6 /* Build configuration list for PBXProject "TmplBook" */;
			compatibilityVersion = "Xcode 3.2";
			developmentRegion = English;
			hasScannedForEncodings = 0;
			knownRegions = (
				en,
			);
			mainGroup = B0453E091408BC3F00F2ADE6;
			productRefGroup = B0453E151408BC4000F2ADE6 /* Products */;
			projectDirPath = "";
			projectRoot = "";
			targets = (
				B0453E131408BC4000F2ADE6 /* TmplBook */,
			);
		};
/* End PBXProject section */

/* Begin PBXSourcesBuildPhase section */
		B0453E101408BC4000F2ADE6 /* Sources */ = {
			isa = PBXSourcesBuildPhase;
			buildActionMask = 2147483647;
			files = (
				B0453E191408BC4000F2ADE6 /* main.cpp in Sources */,
			);
			runOnlyForDeploymentPostprocessing = 0;
		};
/* End PBXSourcesBuildPhase section */

/* Begin XCBuildConfiguration section */
		B0453E1C1408BC4000F2ADE6 /* Debug */ = {
			isa = XCBuildConfiguration;
			buildSettings = {
				ALWAYS_SEARCH_USER_PATHS = NO;
				ARCHS = "$(ARCHS_STANDARD_64_BIT)";
				COPY_PHASE_STRIP = NO;
				GCC_C_LANGUAGE_STANDARD = gnu99;
				GCC_DYNAMIC_NO_PIC = NO;
				GCC_ENABLE_OBJC_EXCEPTIONS = YES;
				GCC_OPTIMIZATION_LEVEL = 0;
				GCC_PREPROCESSOR_DEFINITIONS = (
					"DEBUG=1",
					"$(inherited)",
				);
				GCC_SYMBOLS_PRIVATE_EXTERN = NO;
				GCC_VERSION = com.apple.compilers.llvm.clang.1_0;
				GCC_WARN_64_TO_32_BIT_CONVERSION = YES;
				GCC_WARN_ABOUT_MISSING_PROTOTYPES = YES;
				GCC_WARN_ABOUT_RETURN_TYPE = YES;
				GCC_WARN_UNUSED_VARIABLE = YES;
				MACOSX_DEPLOYMENT_TARGET = 10.7;
				ONLY_ACTIVE_ARCH = YES;
				SDKROOT = macosx;
			};
			name = Debug;
		};
		B0453E1D1408BC4000F2ADE6 /* Release */ = {
			isa = XCBuildConfiguration;
			buildSettings = {
				ALWAYS_SEARCH_USER_PATHS = NO;
				ARCHS = "$(ARCHS_STANDARD_64_BIT)";
				COPY_PHASE_STRIP = YES;
				DEBUG_INFORMATION_FORMAT = "dwarf-with-dsym";
				GCC_C_LANGUAGE_STANDARD = gnu99;
				GCC_ENABLE_OBJC_EXCEPTIONS = YES;
				GCC_VERSION = com.apple.compilers.llvm.clang.1_0;
				GCC_WARN_64_TO_32_BIT_CONVERSION = YES;
				GCC_WARN_ABOUT_MISSING_PROTOTYPES = YES;
				GCC_WARN_ABOUT_RETURN_TYPE = YES;
				GCC_WARN_UNUSED_VARIABLE = YES;
				MACOSX_DEPLOYMENT_TARGET = 10.7;
				SDKROOT = macosx;
			};
			name = Release;
		};
		B0453E1F1408BC4000F2ADE6 /* Debug */ = {
			isa = XCBuildConfiguration;
			buildSettings = {
				PRODUCT_NAME = "$(TARGET_NAME)";
			};
			name = Debug;
		};
		B0453E201408BC4000F2ADE6 /* Release */ = {
			isa = XCBuildConfiguration;
			buildSettings = {
				PRODUCT_NAME = "$(TARGET_NAME)";
			};
			name = Release;
		};
/* End XCBuildConfiguration section */

/* Begin XCConfigurationList section */
		B0453E0E1408BC3F00F2ADE6 /* Build configuration list for PBXProject "TmplBook" */ = {
			isa = XCConfigurationList;
			buildConfigurations = (
				B0453E1C1408BC4000F2ADE6 /* Debug */,
				B0453E1D1408BC4000F2ADE6 /* Release */,
			);
			defaultConfigurationIsVisible = 0;
			defaultConfigurationName = Release;
		};
		B0453E1E1408BC4000F2ADE6 /* Build configuration list for PBXNativeTarget "TmplBook" */ = {
			isa = XCConfigurationList;
			buildConfigurations = (
				B0453E1F1408BC4000F2ADE6 /* Debug */,
				B0453E201408BC4000F2ADE6 /* Release */,
			);
			defaultConfigurationIsVisible = 0;
		};
/* End XCConfigurationList section */
	};
	rootObject = B0453E0B1408BC3F00F2ADE6 /* Project object */;
}
